Microsoft Visual Studio Solution File, Format Version 12.00
# Visual Studio 14
Project("{8BC9CEB8-8B4A-11D0-8D11-00A0C91BC942}") = "ALL_BUILD", "ALL_BUILD.vcxproj", "{84ACA485-6FB5-3B7B-982C-F9B9533F911F}"
	ProjectSection(ProjectDependencies) = postProject
		{A6CB2CFE-3C30-357F-A704-E8EFB22456FE} = {A6CB2CFE-3C30-357F-A704-E8EFB22456FE}
		{B1AB0DDD-C656-31B2-BC76-33AB91C82B55} = {B1AB0DDD-C656-31B2-BC76-33AB91C82B55}
	EndProjectSection
EndProject
Project("{8BC9CEB8-8B4A-11D0-8D11-00A0C91BC942}") = "/src//julian_day.h", "/src//julian_day.h.vcxproj", "{A6CB2CFE-3C30-357F-A704-E8EFB22456FE}"
	ProjectSection(ProjectDependencies) = postProject
		{B1AB0DDD-C656-31B2-BC76-33AB91C82B55} = {B1AB0DDD-C656-31B2-BC76-33AB91C82B55}
	EndProjectSection
EndProject
Project("{8BC9CEB8-8B4A-11D0-8D11-00A0C91BC942}") = "INSTALL", "INSTALL.vcxproj", "{482D9FA7-5B65-33D7-9C2C-902862C51B0A}"
	ProjectSection(ProjectDependencies) = postProject
		{84ACA485-6FB5-3B7B-982C-F9B9533F911F} = {84ACA485-6FB5-3B7B-982C-F9B9533F911F}
		{B1AB0DDD-C656-31B2-BC76-33AB91C82B55} = {B1AB0DDD-C656-31B2-BC76-33AB91C82B55}
	EndProjectSection
EndProject
Project("{8BC9CEB8-8B4A-11D0-8D11-00A0C91BC942}") = "ZERO_CHECK", "ZERO_CHECK.vcxproj", "{B1AB0DDD-C656-31B2-BC76-33AB91C82B55}"
	ProjectSection(ProjectDependencies) = postProject
	EndProjectSection
EndProject
Global
	GlobalSection(SolutionConfigurationPlatforms) = preSolution
		Debug|Win32 = Debug|Win32
		Release|Win32 = Release|Win32
		MinSizeRel|Win32 = MinSizeRel|Win32
		RelWithDebInfo|Win32 = RelWithDebInfo|Win32
	EndGlobalSection
	GlobalSection(ProjectConfigurationPlatforms) = postSolution
		{84ACA485-6FB5-3B7B-982C-F9B9533F911F}.Debug|Win32.ActiveCfg = Debug|Win32
		{84ACA485-6FB5-3B7B-982C-F9B9533F911F}.Debug|Win32.Build.0 = Debug|Win32
		{84ACA485-6FB5-3B7B-982C-F9B9533F911F}.Release|Win32.ActiveCfg = Release|Win32
		{84ACA485-6FB5-3B7B-982C-F9B9533F911F}.Release|Win32.Build.0 = Release|Win32
		{84ACA485-6FB5-3B7B-982C-F9B9533F911F}.MinSizeRel|Win32.ActiveCfg = MinSizeRel|Win32
		{84ACA485-6FB5-3B7B-982C-F9B9533F911F}.MinSizeRel|Win32.Build.0 = MinSizeRel|Win32
		{84ACA485-6FB5-3B7B-982C-F9B9533F911F}.RelWithDebInfo|Win32.ActiveCfg = RelWithDebInfo|Win32
		{84ACA485-6FB5-3B7B-982C-F9B9533F911F}.RelWithDebInfo|Win32.Build.0 = RelWithDebInfo|Win32
		{A6CB2CFE-3C30-357F-A704-E8EFB22456FE}.Debug|Win32.ActiveCfg = Debug|Win32
		{A6CB2CFE-3C30-357F-A704-E8EFB22456FE}.Debug|Win32.Build.0 = Debug|Win32
		{A6CB2CFE-3C30-357F-A704-E8EFB22456FE}.Release|Win32.ActiveCfg = Release|Win32
		{A6CB2CFE-3C30-357F-A704-E8EFB22456FE}.Release|Win32.Build.0 = Release|Win32
		{A6CB2CFE-3C30-357F-A704-E8EFB22456FE}.MinSizeRel|Win32.ActiveCfg = MinSizeRel|Win32
		{A6CB2CFE-3C30-357F-A704-E8EFB22456FE}.MinSizeRel|Win32.Build.0 = MinSizeRel|Win32
		{A6CB2CFE-3C30-357F-A704-E8EFB22456FE}.RelWithDebInfo|Win32.ActiveCfg = RelWithDebInfo|Win32
		{A6CB2CFE-3C30-357F-A704-E8EFB22456FE}.RelWithDebInfo|Win32.Build.0 = RelWithDebInfo|Win32
		{482D9FA7-5B65-33D7-9C2C-902862C51B0A}.Debug|Win32.ActiveCfg = Debug|Win32
		{482D9FA7-5B65-33D7-9C2C-902862C51B0A}.Release|Win32.ActiveCfg = Release|Win32
		{482D9FA7-5B65-33D7-9C2C-902862C51B0A}.MinSizeRel|Win32.ActiveCfg = MinSizeRel|Win32
		{482D9FA7-5B65-33D7-9C2C-902862C51B0A}.RelWithDebInfo|Win32.ActiveCfg = RelWithDebInfo|Win32
		{B1AB0DDD-C656-31B2-BC76-33AB91C82B55}.Debug|Win32.ActiveCfg = Debug|Win32
		{B1AB0DDD-C656-31B2-BC76-33AB91C82B55}.Debug|Win32.Build.0 = Debug|Win32
		{B1AB0DDD-C656-31B2-BC76-33AB91C82B55}.Release|Win32.ActiveCfg = Release|Win32
		{B1AB0DDD-C656-31B2-BC76-33AB91C82B55}.Release|Win32.Build.0 = Release|Win32
		{B1AB0DDD-C656-31B2-BC76-33AB91C82B55}.MinSizeRel|Win32.ActiveCfg = MinSizeRel|Win32
		{B1AB0DDD-C656-31B2-BC76-33AB91C82B55}.MinSizeRel|Win32.Build.0 = MinSizeRel|Win32
		{B1AB0DDD-C656-31B2-BC76-33AB91C82B55}.RelWithDebInfo|Win32.ActiveCfg = RelWithDebInfo|Win32
		{B1AB0DDD-C656-31B2-BC76-33AB91C82B55}.RelWithDebInfo|Win32.Build.0 = RelWithDebInfo|Win32
	EndGlobalSection
	GlobalSection(ExtensibilityGlobals) = postSolution
	EndGlobalSection
	GlobalSection(ExtensibilityAddIns) = postSolution
	EndGlobalSection
EndGlobal
