<?xml version="1.0" encoding="UTF-8"?>
<Project ToolsVersion="14.0" xmlns="http://schemas.microsoft.com/developer/msbuild/2003">
  <ItemGroup>
    <CustomBuild Include="C:\Users\kb9agt\github\C-lang\libNovaSunriseAndSunsetCalculator\libnova\CMakeFiles\454f4c782370ea2726e4de1d2eb51b43\generate.stamp.rule">
      <Filter>CMake Rules</Filter>
    </CustomBuild>
  </ItemGroup>
  <ItemGroup>
    <Filter Include="CMake Rules">
      <UniqueIdentifier>{9ED25D05-C886-3B4D-BD5A-E10F53378321}</UniqueIdentifier>
    </Filter>
  </ItemGroup>
</Project>
